
Microsoft Visual Studio Solution File, Format Version 12.00
# Visual Studio Version 17
VisualStudioVersion = 17.9.34902.65
MinimumVisualStudioVersion = 10.0.40219.1
Project("{FAE04EC0-301F-11D3-BF4B-00C04F79EFBC}") = "CATALOGO_USUARIOS", "CATALOGO_USUARIOS\CATALOGO_USUARIOS.csproj", "{6B5339B8-7905-44D1-96E5-F963E5F02885}"
EndProject
Global
	GlobalSection(SolutionConfigurationPlatforms) = preSolution
		Debug|Any CPU = Debug|Any CPU
		Release|Any CPU = Release|Any CPU
	EndGlobalSection
	GlobalSection(ProjectConfigurationPlatforms) = postSolution
		{6B5339B8-7905-44D1-96E5-F963E5F02885}.Debug|Any CPU.ActiveCfg = Debug|Any CPU
		{6B5339B8-7905-44D1-96E5-F963E5F02885}.Debug|Any CPU.Build.0 = Debug|Any CPU
		{6B5339B8-7905-44D1-96E5-F963E5F02885}.Release|Any CPU.ActiveCfg = Release|Any CPU
		{6B5339B8-7905-44D1-96E5-F963E5F02885}.Release|Any CPU.Build.0 = Release|Any CPU
	EndGlobalSection
	GlobalSection(SolutionProperties) = preSolution
		HideSolutionNode = FALSE
	EndGlobalSection
	GlobalSection(ExtensibilityGlobals) = postSolution
		SolutionGuid = {92492990-40ED-448C-90C4-EEA0CE7E848C}
	EndGlobalSection
EndGlobal
